
Microsoft Visual Studio Solution File, Format Version 12.00
# Visual Studio Version 16
VisualStudioVersion = 16.0.30104.148
MinimumVisualStudioVersion = 10.0.40219.1
Project("{8BC9CEB8-8B4A-11D0-8D11-00A0C91BC942}") = "ProjektProgramowanie", "ProjektProgramowanie.vcxproj", "{4DC03EB9-5938-4D7B-BF76-E91CA8D98B4B}"
EndProject
Global
	GlobalSection(SolutionConfigurationPlatforms) = preSolution
		Debug|x64 = Debug|x64
		Debug|x86 = Debug|x86
		Release|x64 = Release|x64
		Release|x86 = Release|x86
	EndGlobalSection
	GlobalSection(ProjectConfigurationPlatforms) = postSolution
		{4DC03EB9-5938-4D7B-BF76-E91CA8D98B4B}.Debug|x64.ActiveCfg = Debug|x64
		{4DC03EB9-5938-4D7B-BF76-E91CA8D98B4B}.Debug|x64.Build.0 = Debug|x64
		{4DC03EB9-5938-4D7B-BF76-E91CA8D98B4B}.Debug|x86.ActiveCfg = Debug|Win32
		{4DC03EB9-5938-4D7B-BF76-E91CA8D98B4B}.Debug|x86.Build.0 = Debug|Win32
		{4DC03EB9-5938-4D7B-BF76-E91CA8D98B4B}.Release|x64.ActiveCfg = Release|x64
		{4DC03EB9-5938-4D7B-BF76-E91CA8D98B4B}.Release|x64.Build.0 = Release|x64
		{4DC03EB9-5938-4D7B-BF76-E91CA8D98B4B}.Release|x86.ActiveCfg = Release|Win32
		{4DC03EB9-5938-4D7B-BF76-E91CA8D98B4B}.Release|x86.Build.0 = Release|Win32
	EndGlobalSection
	GlobalSection(SolutionProperties) = preSolution
		HideSolutionNode = FALSE
	EndGlobalSection
	GlobalSection(ExtensibilityGlobals) = postSolution
		SolutionGuid = {BC61263D-A1BC-41F2-8B3A-369A2A1A55D0}
	EndGlobalSection
EndGlobal
